
Microsoft Visual Studio Solution File, Format Version 12.00
# Visual Studio Version 17
VisualStudioVersion = 17.10.35122.118
MinimumVisualStudioVersion = 10.0.40219.1
Project("{FAE04EC0-301F-11D3-BF4B-00C04F79EFBC}") = "Practice5", "Practice5\Practice5.csproj", "{D98A245D-3A3F-4379-9CA3-924D27305E50}"
EndProject
Global
	GlobalSection(SolutionConfigurationPlatforms) = preSolution
		Debug|Any CPU = Debug|Any CPU
		Release|Any CPU = Release|Any CPU
	EndGlobalSection
	GlobalSection(ProjectConfigurationPlatforms) = postSolution
		{D98A245D-3A3F-4379-9CA3-924D27305E50}.Debug|Any CPU.ActiveCfg = Debug|Any CPU
		{D98A245D-3A3F-4379-9CA3-924D27305E50}.Debug|Any CPU.Build.0 = Debug|Any CPU
		{D98A245D-3A3F-4379-9CA3-924D27305E50}.Release|Any CPU.ActiveCfg = Release|Any CPU
		{D98A245D-3A3F-4379-9CA3-924D27305E50}.Release|Any CPU.Build.0 = Release|Any CPU
	EndGlobalSection
	GlobalSection(SolutionProperties) = preSolution
		HideSolutionNode = FALSE
	EndGlobalSection
	GlobalSection(ExtensibilityGlobals) = postSolution
		SolutionGuid = {06D3A62C-2E74-49C8-8315-DD03367232E3}
	EndGlobalSection
EndGlobal
